
Microsoft Visual Studio Solution File, Format Version 12.00
# Visual Studio 2012
Project("{8BC9CEB8-8B4A-11D0-8D11-00A0C91BC942}") = "EmployeeStructure", "EmployeeStructure\EmployeeStructure.vcxproj", "{E1DBE435-6EF9-4CB1-BE19-E9E2F6F6FF34}"
EndProject
Global
	GlobalSection(SolutionConfigurationPlatforms) = preSolution
		Debug|Win32 = Debug|Win32
		Release|Win32 = Release|Win32
	EndGlobalSection
	GlobalSection(ProjectConfigurationPlatforms) = postSolution
		{E1DBE435-6EF9-4CB1-BE19-E9E2F6F6FF34}.Debug|Win32.ActiveCfg = Debug|Win32
		{E1DBE435-6EF9-4CB1-BE19-E9E2F6F6FF34}.Debug|Win32.Build.0 = Debug|Win32
		{E1DBE435-6EF9-4CB1-BE19-E9E2F6F6FF34}.Release|Win32.ActiveCfg = Release|Win32
		{E1DBE435-6EF9-4CB1-BE19-E9E2F6F6FF34}.Release|Win32.Build.0 = Release|Win32
	EndGlobalSection
	GlobalSection(SolutionProperties) = preSolution
		HideSolutionNode = FALSE
	EndGlobalSection
EndGlobal
