
Microsoft Visual Studio Solution File, Format Version 12.00
# Visual Studio 2012
Project("{8BC9CEB8-8B4A-11D0-8D11-00A0C91BC942}") = "FormattingOutput", "FormattingOutput\FormattingOutput.vcxproj", "{4847159A-1F81-408D-86A5-0C2E06F93F67}"
EndProject
Global
	GlobalSection(SolutionConfigurationPlatforms) = preSolution
		Debug|Win32 = Debug|Win32
		Release|Win32 = Release|Win32
	EndGlobalSection
	GlobalSection(ProjectConfigurationPlatforms) = postSolution
		{4847159A-1F81-408D-86A5-0C2E06F93F67}.Debug|Win32.ActiveCfg = Debug|Win32
		{4847159A-1F81-408D-86A5-0C2E06F93F67}.Debug|Win32.Build.0 = Debug|Win32
		{4847159A-1F81-408D-86A5-0C2E06F93F67}.Release|Win32.ActiveCfg = Release|Win32
		{4847159A-1F81-408D-86A5-0C2E06F93F67}.Release|Win32.Build.0 = Release|Win32
	EndGlobalSection
	GlobalSection(SolutionProperties) = preSolution
		HideSolutionNode = FALSE
	EndGlobalSection
EndGlobal
